
Microsoft Visual Studio Solution File, Format Version 12.00
# Visual Studio Version 16
VisualStudioVersion = 16.0.30907.101
MinimumVisualStudioVersion = 10.0.40219.1
Project("{FAE04EC0-301F-11D3-BF4B-00C04F79EFBC}") = "WpfPrism", "WpfPrism\WpfPrism.csproj", "{6E20F632-3756-49EC-B1D1-144D132757F8}"
EndProject
Global
	GlobalSection(SolutionConfigurationPlatforms) = preSolution
		Debug|Any CPU = Debug|Any CPU
		Release|Any CPU = Release|Any CPU
	EndGlobalSection
	GlobalSection(ProjectConfigurationPlatforms) = postSolution
		{6E20F632-3756-49EC-B1D1-144D132757F8}.Debug|Any CPU.ActiveCfg = Debug|Any CPU
		{6E20F632-3756-49EC-B1D1-144D132757F8}.Debug|Any CPU.Build.0 = Debug|Any CPU
		{6E20F632-3756-49EC-B1D1-144D132757F8}.Release|Any CPU.ActiveCfg = Release|Any CPU
		{6E20F632-3756-49EC-B1D1-144D132757F8}.Release|Any CPU.Build.0 = Release|Any CPU
	EndGlobalSection
	GlobalSection(SolutionProperties) = preSolution
		HideSolutionNode = FALSE
	EndGlobalSection
	GlobalSection(ExtensibilityGlobals) = postSolution
		SolutionGuid = {3D3B230B-0315-4602-85B0-EC524A9A013B}
	EndGlobalSection
EndGlobal
